Microsoft Visual Studio Solution File, Format Version 11.00
# Visual Studio 2008

Project("{B275C0BE-B616-4772-5BFC-58B1BD9D56D4}") = "BomberBelts", "Assembly-CSharp-vs.csproj", "{EE274379-3B2E-C837-7BF6-28AE77D636B2}"
EndProject
Global
	GlobalSection(SolutionConfigurationPlatforms) = preSolution
		Debug|Any CPU = Debug|Any CPU
		Release|Any CPU = Release|Any CPU
	EndGlobalSection
	GlobalSection(ProjectConfigurationPlatforms) = postSolution
		{EE274379-3B2E-C837-7BF6-28AE77D636B2}.Debug|Any CPU.ActiveCfg = Debug|Any CPU
		{EE274379-3B2E-C837-7BF6-28AE77D636B2}.Debug|Any CPU.Build.0 = Debug|Any CPU
		{EE274379-3B2E-C837-7BF6-28AE77D636B2}.Release|Any CPU.ActiveCfg = Release|Any CPU
		{EE274379-3B2E-C837-7BF6-28AE77D636B2}.Release|Any CPU.Build.0 = Release|Any CPU
	EndGlobalSection
	GlobalSection(SolutionProperties) = preSolution
		HideSolutionNode = FALSE
	EndGlobalSection
																																																																										GlobalSection(MonoDevelopProperties) = preSolution
		StartupItem = Assembly-CSharp.csproj
		Policies = $0
		$0.TextStylePolicy = $1
		$1.inheritsSet = null
		$1.scope = text/x-csharp
		$0.CSharpFormattingPolicy = $2
		$2.inheritsSet = Mono
		$2.inheritsScope = text/x-csharp
		$2.scope = text/x-csharp
		$0.TextStylePolicy = $3
		$3.FileWidth = 120
		$3.TabWidth = 4
		$3.EolMarker = Unix
		$3.inheritsSet = Mono
		$3.inheritsScope = text/plain
		$3.scope = text/plain
	EndGlobalSection

EndGlobal
